
Microsoft Visual Studio Solution File, Format Version 10.00
# Visual Studio 2008
Project("{FAE04EC0-301F-11D3-BF4B-00C04F79EFBC}") = "TkSchnellschreib", "TkSchnellschreib\TkSchnellschreib.csproj", "{43692F1D-D603-4695-9E37-67DF68D13DD0}"
EndProject
Global
	GlobalSection(SolutionConfigurationPlatforms) = preSolution
		Debug|Any CPU = Debug|Any CPU
		Release|Any CPU = Release|Any CPU
	EndGlobalSection
	GlobalSection(ProjectConfigurationPlatforms) = postSolution
		{43692F1D-D603-4695-9E37-67DF68D13DD0}.Debug|Any CPU.ActiveCfg = Debug|Any CPU
		{43692F1D-D603-4695-9E37-67DF68D13DD0}.Debug|Any CPU.Build.0 = Debug|Any CPU
		{43692F1D-D603-4695-9E37-67DF68D13DD0}.Release|Any CPU.ActiveCfg = Release|Any CPU
		{43692F1D-D603-4695-9E37-67DF68D13DD0}.Release|Any CPU.Build.0 = Release|Any CPU
	EndGlobalSection
	GlobalSection(SolutionProperties) = preSolution
		HideSolutionNode = FALSE
	EndGlobalSection
EndGlobal
